<Solution>
  <Folder Name="/samples/">
    <Project Path="samples/ManagedCode.LlmTck.AppHost/ManagedCode.LlmTck.AppHost.csproj" />
    <Project Path="samples/ManagedCode.LlmTck.Service/ManagedCode.LlmTck.Service.csproj" />
  </Folder>
  <Folder Name="/src/">
    <Project Path="src/ManagedCode.LlmTck.Aspire/ManagedCode.LlmTck.Aspire.csproj" />
    <Project Path="src/ManagedCode.LlmTck.Client/ManagedCode.LlmTck.Client.csproj" />
    <Project Path="src/ManagedCode.LlmTck.Hosting/ManagedCode.LlmTck.Hosting.csproj" />
    <Project Path="src/ManagedCode.LlmTck.OpenAI/ManagedCode.LlmTck.OpenAI.csproj" />
    <Project Path="src/ManagedCode.LlmTck/ManagedCode.LlmTck.csproj" />
  </Folder>
  <Folder Name="/tests/">
    <Project Path="tests/ManagedCode.LlmTck.Tests/ManagedCode.LlmTck.Tests.csproj" />
  </Folder>
</Solution>
